// !$*UTF8*$!
{
	archiveVersion = 1;
	classes = {
	};
	objectVersion = 50;
	objects = {

/* Begin PBXBuildFile section */
		B81739D6253BA2CA008EA0DE /* AppDelegate.swift in Sources */ = {isa = PBXBuildFile; fileRef = B81739D5253BA2CA008EA0DE /* AppDelegate.swift */; };
		B81739D8253BA2CA008EA0DE /* SceneDelegate.swift in Sources */ = {isa = PBXBuildFile; fileRef = B81739D7253BA2CA008EA0DE /* SceneDelegate.swift */; };
		B81739DA253BA2CA008EA0DE /* ViewController.swift in Sources */ = {isa = PBXBuildFile; fileRef = B81739D9253BA2CA008EA0DE /* ViewController.swift */; };
		B81739DD253BA2CA008EA0DE /* Main.storyboard in Resources */ = {isa = PBXBuildFile; fileRef = B81739DB253BA2CA008EA0DE /* Main.storyboard */; };
		B81739DF253BA2CC008EA0DE /* Assets.xcassets in Resources */ = {isa = PBXBuildFile; fileRef = B81739DE253BA2CC008EA0DE /* Assets.xcassets */; };
		B81739E2253BA2CC008EA0DE /* LaunchScreen.storyboard in Resources */ = {isa = PBXBuildFile; fileRef = B81739E0253BA2CC008EA0DE /* LaunchScreen.storyboard */; };
		B81739ED253BA2CC008EA0DE /* TablasTests.swift in Sources */ = {isa = PBXBuildFile; fileRef = B81739EC253BA2CC008EA0DE /* TablasTests.swift */; };
		B81739F8253BA2CC008EA0DE /* TablasUITests.swift in Sources */ = {isa = PBXBuildFile; fileRef = B81739F7253BA2CC008EA0DE /* TablasUITests.swift */; };
		B8173A06253BA405008EA0DE /* MyTableViewController.swift in Sources */ = {isa = PBXBuildFile; fileRef = B8173A05253BA405008EA0DE /* MyTableViewController.swift */; };
/* End PBXBuildFile section */

/* Begin PBXContainerItemProxy section */
		B81739E9253BA2CC008EA0DE /* PBXContainerItemProxy */ = {
			isa = PBXContainerItemProxy;
			containerPortal = B81739CA253BA2CA008EA0DE /* Project object */;
			proxyType = 1;
			remoteGlobalIDString = B81739D1253BA2CA008EA0DE;
			remoteInfo = Tablas;
		};
		B81739F4253BA2CC008EA0DE /* PBXContainerItemProxy */ = {
			isa = PBXContainerItemProxy;
			containerPortal = B81739CA253BA2CA008EA0DE /* Project object */;
			proxyType = 1;
			remoteGlobalIDString = B81739D1253BA2CA008EA0DE;
			remoteInfo = Tablas;
		};
/* End PBXContainerItemProxy section */

/* Begin PBXFileReference section */
		B81739D2253BA2CA008EA0DE /* Tablas.app */ = {isa = PBXFileReference; explicitFileType = wrapper.application; includeInIndex = 0; path = Tablas.app; sourceTree = BUILT_PRODUCTS_DIR; };
		B81739D5253BA2CA008EA0DE /* AppDelegate.swift */ = {isa = PBXFileReference; lastKnownFileType = sourcecode.swift; path = AppDelegate.swift; sourceTree = "<group>"; };
		B81739D7253BA2CA008EA0DE /* SceneDelegate.swift */ = {isa = PBXFileReference; lastKnownFileType = sourcecode.swift; path = SceneDelegate.swift; sourceTree = "<group>"; };
		B81739D9253BA2CA008EA0DE /* ViewController.swift */ = {isa = PBXFileReference; lastKnownFileType = sourcecode.swift; path = ViewController.swift; sourceTree = "<group>"; };
		B81739DC253BA2CA008EA0DE /* Base */ = {isa = PBXFileReference; lastKnownFileType = file.storyboard; name = Base; path = Base.lproj/Main.storyboard; sourceTree = "<group>"; };
		B81739DE253BA2CC008EA0DE /* Assets.xcassets */ = {isa = PBXFileReference; lastKnownFileType = folder.assetcatalog; path = Assets.xcassets; sourceTree = "<group>"; };
		B81739E1253BA2CC008EA0DE /* Base */ = {isa = PBXFileReference; lastKnownFileType = file.storyboard; name = Base; path = Base.lproj/LaunchScreen.storyboard; sourceTree = "<group>"; };
		B81739E3253BA2CC008EA0DE /* Info.plist */ = {isa = PBXFileReference; lastKnownFileType = text.plist.xml; path = Info.plist; sourceTree = "<group>"; };
		B81739E8253BA2CC008EA0DE /* TablasTests.xctest */ = {isa = PBXFileReference; explicitFileType = wrapper.cfbundle; includeInIndex = 0; path = TablasTests.xctest; sourceTree = BUILT_PRODUCTS_DIR; };
		B81739EC253BA2CC008EA0DE /* TablasTests.swift */ = {isa = PBXFileReference; lastKnownFileType = sourcecode.swift; path = TablasTests.swift; sourceTree = "<group>"; };
		B81739EE253BA2CC008EA0DE /* Info.plist */ = {isa = PBXFileReference; lastKnownFileType = text.plist.xml; path = Info.plist; sourceTree = "<group>"; };
		B81739F3253BA2CC008EA0DE /* TablasUITests.xctest */ = {isa = PBXFileReference; explicitFileType = wrapper.cfbundle; includeInIndex = 0; path = TablasUITests.xctest; sourceTree = BUILT_PRODUCTS_DIR; };
		B81739F7253BA2CC008EA0DE /* TablasUITests.swift */ = {isa = PBXFileReference; lastKnownFileType = sourcecode.swift; path = TablasUITests.swift; sourceTree = "<group>"; };
		B81739F9253BA2CC008EA0DE /* Info.plist */ = {isa = PBXFileReference; lastKnownFileType = text.plist.xml; path = Info.plist; sourceTree = "<group>"; };
		B8173A05253BA405008EA0DE /* MyTableViewController.swift */ = {isa = PBXFileReference; lastKnownFileType = sourcecode.swift; path = MyTableViewController.swift; sourceTree = "<group>"; };
/* End PBXFileReference section */

/* Begin PBXFrameworksBuildPhase section */
		B81739CF253BA2CA008EA0DE /* Frameworks */ = {
			isa = PBXFrameworksBuildPhase;
			buildActionMask = 2147483647;
			files = (
			);
			runOnlyForDeploymentPostprocessing = 0;
		};
		B81739E5253BA2CC008EA0DE /* Frameworks */ = {
			isa = PBXFrameworksBuildPhase;
			buildActionMask = 2147483647;
			files = (
			);
			runOnlyForDeploymentPostprocessing = 0;
		};
		B81739F0253BA2CC008EA0DE /* Frameworks */ = {
			isa = PBXFrameworksBuildPhase;
			buildActionMask = 2147483647;
			files = (
			);
			runOnlyForDeploymentPostprocessing = 0;
		};
/* End PBXFrameworksBuildPhase section */

/* Begin PBXGroup section */
		B81739C9253BA2CA008EA0DE = {
			isa = PBXGroup;
			children = (
				B81739D4253BA2CA008EA0DE /* Tablas */,
				B81739EB253BA2CC008EA0DE /* TablasTests */,
				B81739F6253BA2CC008EA0DE /* TablasUITests */,
				B81739D3253BA2CA008EA0DE /* Products */,
			);
			sourceTree = "<group>";
		};
		B81739D3253BA2CA008EA0DE /* Products */ = {
			isa = PBXGroup;
			children = (
				B81739D2253BA2CA008EA0DE /* Tablas.app */,
				B81739E8253BA2CC008EA0DE /* TablasTests.xctest */,
				B81739F3253BA2CC008EA0DE /* TablasUITests.xctest */,
			);
			name = Products;
			sourceTree = "<group>";
		};
		B81739D4253BA2CA008EA0DE /* Tablas */ = {
			isa = PBXGroup;
			children = (
				B81739D5253BA2CA008EA0DE /* AppDelegate.swift */,
				B81739D7253BA2CA008EA0DE /* SceneDelegate.swift */,
				B81739D9253BA2CA008EA0DE /* ViewController.swift */,
				B81739DB253BA2CA008EA0DE /* Main.storyboard */,
				B81739DE253BA2CC008EA0DE /* Assets.xcassets */,
				B81739E0253BA2CC008EA0DE /* LaunchScreen.storyboard */,
				B81739E3253BA2CC008EA0DE /* Info.plist */,
				B8173A05253BA405008EA0DE /* MyTableViewController.swift */,
			);
			path = Tablas;
			sourceTree = "<group>";
		};
		B81739EB253BA2CC008EA0DE /* TablasTests */ = {
			isa = PBXGroup;
			children = (
				B81739EC253BA2CC008EA0DE /* TablasTests.swift */,
				B81739EE253BA2CC008EA0DE /* Info.plist */,
			);
			path = TablasTests;
			sourceTree = "<group>";
		};
		B81739F6253BA2CC008EA0DE /* TablasUITests */ = {
			isa = PBXGroup;
			children = (
				B81739F7253BA2CC008EA0DE /* TablasUITests.swift */,
				B81739F9253BA2CC008EA0DE /* Info.plist */,
			);
			path = TablasUITests;
			sourceTree = "<group>";
		};
/* End PBXGroup section */

/* Begin PBXNativeTarget section */
		B81739D1253BA2CA008EA0DE /* Tablas */ = {
			isa = PBXNativeTarget;
			buildConfigurationList = B81739FC253BA2CC008EA0DE /* Build configuration list for PBXNativeTarget "Tablas" */;
			buildPhases = (
				B81739CE253BA2CA008EA0DE /* Sources */,
				B81739CF253BA2CA008EA0DE /* Frameworks */,
				B81739D0253BA2CA008EA0DE /* Resources */,
			);
			buildRules = (
			);
			dependencies = (
			);
			name = Tablas;
			productName = Tablas;
			productReference = B81739D2253BA2CA008EA0DE /* Tablas.app */;
			productType = "com.apple.product-type.application";
		};
		B81739E7253BA2CC008EA0DE /* TablasTests */ = {
			isa = PBXNativeTarget;
			buildConfigurationList = B81739FF253BA2CC008EA0DE /* Build configuration list for PBXNativeTarget "TablasTests" */;
			buildPhases = (
				B81739E4253BA2CC008EA0DE /* Sources */,
				B81739E5253BA2CC008EA0DE /* Frameworks */,
				B81739E6253BA2CC008EA0DE /* Resources */,
			);
			buildRules = (
			);
			dependencies = (
				B81739EA253BA2CC008EA0DE /* PBXTargetDependency */,
			);
			name = TablasTests;
			productName = TablasTests;
			productReference = B81739E8253BA2CC008EA0DE /* TablasTests.xctest */;
			productType = "com.apple.product-type.bundle.unit-test";
		};
		B81739F2253BA2CC008EA0DE /* TablasUITests */ = {
			isa = PBXNativeTarget;
			buildConfigurationList = B8173A02253BA2CC008EA0DE /* Build configuration list for PBXNativeTarget "TablasUITests" */;
			buildPhases = (
				B81739EF253BA2CC008EA0DE /* Sources */,
				B81739F0253BA2CC008EA0DE /* Frameworks */,
				B81739F1253BA2CC008EA0DE /* Resources */,
			);
			buildRules = (
			);
			dependencies = (
				B81739F5253BA2CC008EA0DE /* PBXTargetDependency */,
			);
			name = TablasUITests;
			productName = TablasUITests;
			productReference = B81739F3253BA2CC008EA0DE /* TablasUITests.xctest */;
			productType = "com.apple.product-type.bundle.ui-testing";
		};
/* End PBXNativeTarget section */

/* Begin PBXProject section */
		B81739CA253BA2CA008EA0DE /* Project object */ = {
			isa = PBXProject;
			attributes = {
				LastSwiftUpdateCheck = 1120;
				LastUpgradeCheck = 1120;
				ORGANIZATIONNAME = gael;
				TargetAttributes = {
					B81739D1253BA2CA008EA0DE = {
						CreatedOnToolsVersion = 11.2.1;
					};
					B81739E7253BA2CC008EA0DE = {
						CreatedOnToolsVersion = 11.2.1;
						TestTargetID = B81739D1253BA2CA008EA0DE;
					};
					B81739F2253BA2CC008EA0DE = {
						CreatedOnToolsVersion = 11.2.1;
						TestTargetID = B81739D1253BA2CA008EA0DE;
					};
				};
			};
			buildConfigurationList = B81739CD253BA2CA008EA0DE /* Build configuration list for PBXProject "Tablas" */;
			compatibilityVersion = "Xcode 9.3";
			developmentRegion = en;
			hasScannedForEncodings = 0;
			knownRegions = (
				en,
				Base,
			);
			mainGroup = B81739C9253BA2CA008EA0DE;
			productRefGroup = B81739D3253BA2CA008EA0DE /* Products */;
			projectDirPath = "";
			projectRoot = "";
			targets = (
				B81739D1253BA2CA008EA0DE /* Tablas */,
				B81739E7253BA2CC008EA0DE /* TablasTests */,
				B81739F2253BA2CC008EA0DE /* TablasUITests */,
			);
		};
/* End PBXProject section */

/* Begin PBXResourcesBuildPhase section */
		B81739D0253BA2CA008EA0DE /* Resources */ = {
			isa = PBXResourcesBuildPhase;
			buildActionMask = 2147483647;
			files = (
				B81739E2253BA2CC008EA0DE /* LaunchScreen.storyboard in Resources */,
				B81739DF253BA2CC008EA0DE /* Assets.xcassets in Resources */,
				B81739DD253BA2CA008EA0DE /* Main.storyboard in Resources */,
			);
			runOnlyForDeploymentPostprocessing = 0;
		};
		B81739E6253BA2CC008EA0DE /* Resources */ = {
			isa = PBXResourcesBuildPhase;
			buildActionMask = 2147483647;
			files = (
			);
			runOnlyForDeploymentPostprocessing = 0;
		};
		B81739F1253BA2CC008EA0DE /* Resources */ = {
			isa = PBXResourcesBuildPhase;
			buildActionMask = 2147483647;
			files = (
			);
			runOnlyForDeploymentPostprocessing = 0;
		};
/* End PBXResourcesBuildPhase section */

/* Begin PBXSourcesBuildPhase section */
		B81739CE253BA2CA008EA0DE /* Sources */ = {
			isa = PBXSourcesBuildPhase;
			buildActionMask = 2147483647;
			files = (
				B81739DA253BA2CA008EA0DE /* ViewController.swift in Sources */,
				B81739D6253BA2CA008EA0DE /* AppDelegate.swift in Sources */,
				B81739D8253BA2CA008EA0DE /* SceneDelegate.swift in Sources */,
				B8173A06253BA405008EA0DE /* MyTableViewController.swift in Sources */,
			);
			runOnlyForDeploymentPostprocessing = 0;
		};
		B81739E4253BA2CC008EA0DE /* Sources */ = {
			isa = PBXSourcesBuildPhase;
			buildActionMask = 2147483647;
			files = (
				B81739ED253BA2CC008EA0DE /* TablasTests.swift in Sources */,
			);
			runOnlyForDeploymentPostprocessing = 0;
		};
		B81739EF253BA2CC008EA0DE /* Sources */ = {
			isa = PBXSourcesBuildPhase;
			buildActionMask = 2147483647;
			files = (
				B81739F8253BA2CC008EA0DE /* TablasUITests.swift in Sources */,
			);
			runOnlyForDeploymentPostprocessing = 0;
		};
/* End PBXSourcesBuildPhase section */

/* Begin PBXTargetDependency section */
		B81739EA253BA2CC008EA0DE /* PBXTargetDependency */ = {
			isa = PBXTargetDependency;
			target = B81739D1253BA2CA008EA0DE /* Tablas */;
			targetProxy = B81739E9253BA2CC008EA0DE /* PBXContainerItemProxy */;
		};
		B81739F5253BA2CC008EA0DE /* PBXTargetDependency */ = {
			isa = PBXTargetDependency;
			target = B81739D1253BA2CA008EA0DE /* Tablas */;
			targetProxy = B81739F4253BA2CC008EA0DE /* PBXContainerItemProxy */;
		};
/* End PBXTargetDependency section */

/* Begin PBXVariantGroup section */
		B81739DB253BA2CA008EA0DE /* Main.storyboard */ = {
			isa = PBXVariantGroup;
			children = (
				B81739DC253BA2CA008EA0DE /* Base */,
			);
			name = Main.storyboard;
			sourceTree = "<group>";
		};
		B81739E0253BA2CC008EA0DE /* LaunchScreen.storyboard */ = {
			isa = PBXVariantGroup;
			children = (
				B81739E1253BA2CC008EA0DE /* Base */,
			);
			name = LaunchScreen.storyboard;
			sourceTree = "<group>";
		};
/* End PBXVariantGroup section */

/* Begin XCBuildConfiguration section */
		B81739FA253BA2CC008EA0DE /* Debug */ = {
			isa = XCBuildConfiguration;
			buildSettings = {
				ALWAYS_SEARCH_USER_PATHS = NO;
				CLANG_ANALYZER_NONNULL = YES;
				CLANG_ANALYZER_NUMBER_OBJECT_CONVERSION = YES_AGGRESSIVE;
				CLANG_CXX_LANGUAGE_STANDARD = "gnu++14";
				CLANG_CXX_LIBRARY = "libc++";
				CLANG_ENABLE_MODULES = YES;
				CLANG_ENABLE_OBJC_ARC = YES;
				CLANG_ENABLE_OBJC_WEAK = YES;
				CLANG_WARN_BLOCK_CAPTURE_AUTORELEASING = YES;
				CLANG_WARN_BOOL_CONVERSION = YES;
				CLANG_WARN_COMMA = YES;
				CLANG_WARN_CONSTANT_CONVERSION = YES;
				CLANG_WARN_DEPRECATED_OBJC_IMPLEMENTATIONS = YES;
				CLANG_WARN_DIRECT_OBJC_ISA_USAGE = YES_ERROR;
				CLANG_WARN_DOCUMENTATION_COMMENTS = YES;
				CLANG_WARN_EMPTY_BODY = YES;
				CLANG_WARN_ENUM_CONVERSION = YES;
				CLANG_WARN_INFINITE_RECURSION = YES;
				CLANG_WARN_INT_CONVERSION = YES;
				CLANG_WARN_NON_LITERAL_NULL_CONVERSION = YES;
				CLANG_WARN_OBJC_IMPLICIT_RETAIN_SELF = YES;
				CLANG_WARN_OBJC_LITERAL_CONVERSION = YES;
				CLANG_WARN_OBJC_ROOT_CLASS = YES_ERROR;
				CLANG_WARN_RANGE_LOOP_ANALYSIS = YES;
				CLANG_WARN_STRICT_PROTOTYPES = YES;
				CLANG_WARN_SUSPICIOUS_MOVE = YES;
				CLANG_WARN_UNGUARDED_AVAILABILITY = YES_AGGRESSIVE;
				CLANG_WARN_UNREACHABLE_CODE = YES;
				CLANG_WARN__DUPLICATE_METHOD_MATCH = YES;
				COPY_PHASE_STRIP = NO;
				DEBUG_INFORMATION_FORMAT = dwarf;
				ENABLE_STRICT_OBJC_MSGSEND = YES;
				ENABLE_TESTABILITY = YES;
				GCC_C_LANGUAGE_STANDARD = gnu11;
				GCC_DYNAMIC_NO_PIC = NO;
				GCC_NO_COMMON_BLOCKS = YES;
				GCC_OPTIMIZATION_LEVEL = 0;
				GCC_PREPROCESSOR_DEFINITIONS = (
					"DEBUG=1",
					"$(inherited)",
				);
				GCC_WARN_64_TO_32_BIT_CONVERSION = YES;
				GCC_WARN_ABOUT_RETURN_TYPE = YES_ERROR;
				GCC_WARN_UNDECLARED_SELECTOR = YES;
				GCC_WARN_UNINITIALIZED_AUTOS = YES_AGGRESSIVE;
				GCC_WARN_UNUSED_FUNCTION = YES;
				GCC_WARN_UNUSED_VARIABLE = YES;
				IPHONEOS_DEPLOYMENT_TARGET = 13.2;
				MTL_ENABLE_DEBUG_INFO = INCLUDE_SOURCE;
				MTL_FAST_MATH = YES;
				ONLY_ACTIVE_ARCH = YES;
				SDKROOT = iphoneos;
				SWIFT_ACTIVE_COMPILATION_CONDITIONS = DEBUG;
				SWIFT_OPTIMIZATION_LEVEL = "-Onone";
			};
			name = Debug;
		};
		B81739FB253BA2CC008EA0DE /* Release */ = {
			isa = XCBuildConfiguration;
			buildSettings = {
				ALWAYS_SEARCH_USER_PATHS = NO;
				CLANG_ANALYZER_NONNULL = YES;
				CLANG_ANALYZER_NUMBER_OBJECT_CONVERSION = YES_AGGRESSIVE;
				CLANG_CXX_LANGUAGE_STANDARD = "gnu++14";
				CLANG_CXX_LIBRARY = "libc++";
				CLANG_ENABLE_MODULES = YES;
				CLANG_ENABLE_OBJC_ARC = YES;
				CLANG_ENABLE_OBJC_WEAK = YES;
				CLANG_WARN_BLOCK_CAPTURE_AUTORELEASING = YES;
				CLANG_WARN_BOOL_CONVERSION = YES;
				CLANG_WARN_COMMA = YES;
				CLANG_WARN_CONSTANT_CONVERSION = YES;
				CLANG_WARN_DEPRECATED_OBJC_IMPLEMENTATIONS = YES;
				CLANG_WARN_DIRECT_OBJC_ISA_USAGE = YES_ERROR;
				CLANG_WARN_DOCUMENTATION_COMMENTS = YES;
				CLANG_WARN_EMPTY_BODY = YES;
				CLANG_WARN_ENUM_CONVERSION = YES;
				CLANG_WARN_INFINITE_RECURSION = YES;
				CLANG_WARN_INT_CONVERSION = YES;
				CLANG_WARN_NON_LITERAL_NULL_CONVERSION = YES;
				CLANG_WARN_OBJC_IMPLICIT_RETAIN_SELF = YES;
				CLANG_WARN_OBJC_LITERAL_CONVERSION = YES;
				CLANG_WARN_OBJC_ROOT_CLASS = YES_ERROR;
				CLANG_WARN_RANGE_LOOP_ANALYSIS = YES;
				CLANG_WARN_STRICT_PROTOTYPES = YES;
				CLANG_WARN_SUSPICIOUS_MOVE = YES;
				CLANG_WARN_UNGUARDED_AVAILABILITY = YES_AGGRESSIVE;
				CLANG_WARN_UNREACHABLE_CODE = YES;
				CLANG_WARN__DUPLICATE_METHOD_MATCH = YES;
				COPY_PHASE_STRIP = NO;
				DEBUG_INFORMATION_FORMAT = "dwarf-with-dsym";
				ENABLE_NS_ASSERTIONS = NO;
				ENABLE_STRICT_OBJC_MSGSEND = YES;
				GCC_C_LANGUAGE_STANDARD = gnu11;
				GCC_NO_COMMON_BLOCKS = YES;
				GCC_WARN_64_TO_32_BIT_CONVERSION = YES;
				GCC_WARN_ABOUT_RETURN_TYPE = YES_ERROR;
				GCC_WARN_UNDECLARED_SELECTOR = YES;
				GCC_WARN_UNINITIALIZED_AUTOS = YES_AGGRESSIVE;
				GCC_WARN_UNUSED_FUNCTION = YES;
				GCC_WARN_UNUSED_VARIABLE = YES;
				IPHONEOS_DEPLOYMENT_TARGET = 13.2;
				MTL_ENABLE_DEBUG_INFO = NO;
				MTL_FAST_MATH = YES;
				SDKROOT = iphoneos;
				SWIFT_COMPILATION_MODE = wholemodule;
				SWIFT_OPTIMIZATION_LEVEL = "-O";
				VALIDATE_PRODUCT = YES;
			};
			name = Release;
		};
		B81739FD253BA2CC008EA0DE /* Debug */ = {
			isa = XCBuildConfiguration;
			buildSettings = {
				ASSETCATALOG_COMPILER_APPICON_NAME = AppIcon;
				CODE_SIGN_STYLE = Automatic;
				INFOPLIST_FILE = Tablas/Info.plist;
				LD_RUNPATH_SEARCH_PATHS = (
					"$(inherited)",
					"@executable_path/Frameworks",
				);
				PRODUCT_BUNDLE_IDENTIFIER = com.Tablas;
				PRODUCT_NAME = "$(TARGET_NAME)";
				SWIFT_VERSION = 5.0;
				TARGETED_DEVICE_FAMILY = "1,2";
			};
			name = Debug;
		};
		B81739FE253BA2CC008EA0DE /* Release */ = {
			isa = XCBuildConfiguration;
			buildSettings = {
				ASSETCATALOG_COMPILER_APPICON_NAME = AppIcon;
				CODE_SIGN_STYLE = Automatic;
				INFOPLIST_FILE = Tablas/Info.plist;
				LD_RUNPATH_SEARCH_PATHS = (
					"$(inherited)",
					"@executable_path/Frameworks",
				);
				PRODUCT_BUNDLE_IDENTIFIER = com.Tablas;
				PRODUCT_NAME = "$(TARGET_NAME)";
				SWIFT_VERSION = 5.0;
				TARGETED_DEVICE_FAMILY = "1,2";
			};
			name = Release;
		};
		B8173A00253BA2CC008EA0DE /* Debug */ = {
			isa = XCBuildConfiguration;
			buildSettings = {
				ALWAYS_EMBED_SWIFT_STANDARD_LIBRARIES = YES;
				BUNDLE_LOADER = "$(TEST_HOST)";
				CODE_SIGN_STYLE = Automatic;
				INFOPLIST_FILE = TablasTests/Info.plist;
				IPHONEOS_DEPLOYMENT_TARGET = 13.2;
				LD_RUNPATH_SEARCH_PATHS = (
					"$(inherited)",
					"@executable_path/Frameworks",
					"@loader_path/Frameworks",
				);
				PRODUCT_BUNDLE_IDENTIFIER = com.TablasTests;
				PRODUCT_NAME = "$(TARGET_NAME)";
				SWIFT_VERSION = 5.0;
				TARGETED_DEVICE_FAMILY = "1,2";
				TEST_HOST = "$(BUILT_PRODUCTS_DIR)/Tablas.app/Tablas";
			};
			name = Debug;
		};
		B8173A01253BA2CC008EA0DE /* Release */ = {
			isa = XCBuildConfiguration;
			buildSettings = {
				ALWAYS_EMBED_SWIFT_STANDARD_LIBRARIES = YES;
				BUNDLE_LOADER = "$(TEST_HOST)";
				CODE_SIGN_STYLE = Automatic;
				INFOPLIST_FILE = TablasTests/Info.plist;
				IPHONEOS_DEPLOYMENT_TARGET = 13.2;
				LD_RUNPATH_SEARCH_PATHS = (
					"$(inherited)",
					"@executable_path/Frameworks",
					"@loader_path/Frameworks",
				);
				PRODUCT_BUNDLE_IDENTIFIER = com.TablasTests;
				PRODUCT_NAME = "$(TARGET_NAME)";
				SWIFT_VERSION = 5.0;
				TARGETED_DEVICE_FAMILY = "1,2";
				TEST_HOST = "$(BUILT_PRODUCTS_DIR)/Tablas.app/Tablas";
			};
			name = Release;
		};
		B8173A03253BA2CC008EA0DE /* Debug */ = {
			isa = XCBuildConfiguration;
			buildSettings = {
				ALWAYS_EMBED_SWIFT_STANDARD_LIBRARIES = YES;
				CODE_SIGN_STYLE = Automatic;
				INFOPLIST_FILE = TablasUITests/Info.plist;
				LD_RUNPATH_SEARCH_PATHS = (
					"$(inherited)",
					"@executable_path/Frameworks",
					"@loader_path/Frameworks",
				);
				PRODUCT_BUNDLE_IDENTIFIER = com.TablasUITests;
				PRODUCT_NAME = "$(TARGET_NAME)";
				SWIFT_VERSION = 5.0;
				TARGETED_DEVICE_FAMILY = "1,2";
				TEST_TARGET_NAME = Tablas;
			};
			name = Debug;
		};
		B8173A04253BA2CC008EA0DE /* Release */ = {
			isa = XCBuildConfiguration;
			buildSettings = {
				ALWAYS_EMBED_SWIFT_STANDARD_LIBRARIES = YES;
				CODE_SIGN_STYLE = Automatic;
				INFOPLIST_FILE = TablasUITests/Info.plist;
				LD_RUNPATH_SEARCH_PATHS = (
					"$(inherited)",
					"@executable_path/Frameworks",
					"@loader_path/Frameworks",
				);
				PRODUCT_BUNDLE_IDENTIFIER = com.TablasUITests;
				PRODUCT_NAME = "$(TARGET_NAME)";
				SWIFT_VERSION = 5.0;
				TARGETED_DEVICE_FAMILY = "1,2";
				TEST_TARGET_NAME = Tablas;
			};
			name = Release;
		};
/* End XCBuildConfiguration section */

/* Begin XCConfigurationList section */
		B81739CD253BA2CA008EA0DE /* Build configuration list for PBXProject "Tablas" */ = {
			isa = XCConfigurationList;
			buildConfigurations = (
				B81739FA253BA2CC008EA0DE /* Debug */,
				B81739FB253BA2CC008EA0DE /* Release */,
			);
			defaultConfigurationIsVisible = 0;
			defaultConfigurationName = Release;
		};
		B81739FC253BA2CC008EA0DE /* Build configuration list for PBXNativeTarget "Tablas" */ = {
			isa = XCConfigurationList;
			buildConfigurations = (
				B81739FD253BA2CC008EA0DE /* Debug */,
				B81739FE253BA2CC008EA0DE /* Release */,
			);
			defaultConfigurationIsVisible = 0;
			defaultConfigurationName = Release;
		};
		B81739FF253BA2CC008EA0DE /* Build configuration list for PBXNativeTarget "TablasTests" */ = {
			isa = XCConfigurationList;
			buildConfigurations = (
				B8173A00253BA2CC008EA0DE /* Debug */,
				B8173A01253BA2CC008EA0DE /* Release */,
			);
			defaultConfigurationIsVisible = 0;
			defaultConfigurationName = Release;
		};
		B8173A02253BA2CC008EA0DE /* Build configuration list for PBXNativeTarget "TablasUITests" */ = {
			isa = XCConfigurationList;
			buildConfigurations = (
				B8173A03253BA2CC008EA0DE /* Debug */,
				B8173A04253BA2CC008EA0DE /* Release */,
			);
			defaultConfigurationIsVisible = 0;
			defaultConfigurationName = Release;
		};
/* End XCConfigurationList section */
	};
	rootObject = B81739CA253BA2CA008EA0DE /* Project object */;
}
